// !$*UTF8*$!
{
	archiveVersion = 1;
	classes = {
	};
	objectVersion = 50;
	objects = {

/* Begin PBXBuildFile section */
		D972E333264AFF94006C9B47 /* AppDelegate.swift in Sources */ = {isa = PBXBuildFile; fileRef = D972E332264AFF94006C9B47 /* AppDelegate.swift */; };
		D972E337264AFF95006C9B47 /* Assets.xcassets in Resources */ = {isa = PBXBuildFile; fileRef = D972E336264AFF95006C9B47 /* Assets.xcassets */; };
		D972E33A264AFF95006C9B47 /* Preview Assets.xcassets in Resources */ = {isa = PBXBuildFile; fileRef = D972E339264AFF95006C9B47 /* Preview Assets.xcassets */; };
		D972E33D264AFF95006C9B47 /* LaunchScreen.storyboard in Resources */ = {isa = PBXBuildFile; fileRef = D972E33B264AFF95006C9B47 /* LaunchScreen.storyboard */; };
		D972E346264AFFB0006C9B47 /* CollectionViewController.swift in Sources */ = {isa = PBXBuildFile; fileRef = D972E345264AFFB0006C9B47 /* CollectionViewController.swift */; };
		D972E34B264BFA53006C9B47 /* ViewController.swift in Sources */ = {isa = PBXBuildFile; fileRef = D972E34A264BFA53006C9B47 /* ViewController.swift */; };
/* End PBXBuildFile section */

/* Begin PBXFileReference section */
		D972E32F264AFF94006C9B47 /* CompositionalLayourHeaders.app */ = {isa = PBXFileReference; explicitFileType = wrapper.application; includeInIndex = 0; path = CompositionalLayourHeaders.app; sourceTree = BUILT_PRODUCTS_DIR; };
		D972E332264AFF94006C9B47 /* AppDelegate.swift */ = {isa = PBXFileReference; lastKnownFileType = sourcecode.swift; path = AppDelegate.swift; sourceTree = "<group>"; };
		D972E336264AFF95006C9B47 /* Assets.xcassets */ = {isa = PBXFileReference; lastKnownFileType = folder.assetcatalog; path = Assets.xcassets; sourceTree = "<group>"; };
		D972E339264AFF95006C9B47 /* Preview Assets.xcassets */ = {isa = PBXFileReference; lastKnownFileType = folder.assetcatalog; path = "Preview Assets.xcassets"; sourceTree = "<group>"; };
		D972E33C264AFF95006C9B47 /* Base */ = {isa = PBXFileReference; lastKnownFileType = file.storyboard; name = Base; path = Base.lproj/LaunchScreen.storyboard; sourceTree = "<group>"; };
		D972E33E264AFF95006C9B47 /* Info.plist */ = {isa = PBXFileReference; lastKnownFileType = text.plist.xml; path = Info.plist; sourceTree = "<group>"; };
		D972E345264AFFB0006C9B47 /* CollectionViewController.swift */ = {isa = PBXFileReference; lastKnownFileType = sourcecode.swift; path = CollectionViewController.swift; sourceTree = "<group>"; };
		D972E34A264BFA53006C9B47 /* ViewController.swift */ = {isa = PBXFileReference; fileEncoding = 4; lastKnownFileType = sourcecode.swift; path = ViewController.swift; sourceTree = "<group>"; };
/* End PBXFileReference section */

/* Begin PBXFrameworksBuildPhase section */
		D972E32C264AFF94006C9B47 /* Frameworks */ = {
			isa = PBXFrameworksBuildPhase;
			buildActionMask = 2147483647;
			files = (
			);
			runOnlyForDeploymentPostprocessing = 0;
		};
/* End PBXFrameworksBuildPhase section */

/* Begin PBXGroup section */
		D972E326264AFF93006C9B47 = {
			isa = PBXGroup;
			children = (
				D972E331264AFF94006C9B47 /* CompositionalLayourHeaders */,
				D972E330264AFF94006C9B47 /* Products */,
			);
			sourceTree = "<group>";
		};
		D972E330264AFF94006C9B47 /* Products */ = {
			isa = PBXGroup;
			children = (
				D972E32F264AFF94006C9B47 /* CompositionalLayourHeaders.app */,
			);
			name = Products;
			sourceTree = "<group>";
		};
		D972E331264AFF94006C9B47 /* CompositionalLayourHeaders */ = {
			isa = PBXGroup;
			children = (
				D972E332264AFF94006C9B47 /* AppDelegate.swift */,
				D972E345264AFFB0006C9B47 /* CollectionViewController.swift */,
				D972E34A264BFA53006C9B47 /* ViewController.swift */,
				D972E336264AFF95006C9B47 /* Assets.xcassets */,
				D972E33B264AFF95006C9B47 /* LaunchScreen.storyboard */,
				D972E33E264AFF95006C9B47 /* Info.plist */,
				D972E338264AFF95006C9B47 /* Preview Content */,
			);
			path = CompositionalLayourHeaders;
			sourceTree = "<group>";
		};
		D972E338264AFF95006C9B47 /* Preview Content */ = {
			isa = PBXGroup;
			children = (
				D972E339264AFF95006C9B47 /* Preview Assets.xcassets */,
			);
			path = "Preview Content";
			sourceTree = "<group>";
		};
/* End PBXGroup section */

/* Begin PBXNativeTarget section */
		D972E32E264AFF94006C9B47 /* CompositionalLayourHeaders */ = {
			isa = PBXNativeTarget;
			buildConfigurationList = D972E341264AFF95006C9B47 /* Build configuration list for PBXNativeTarget "CompositionalLayourHeaders" */;
			buildPhases = (
				D972E32B264AFF94006C9B47 /* Sources */,
				D972E32C264AFF94006C9B47 /* Frameworks */,
				D972E32D264AFF94006C9B47 /* Resources */,
			);
			buildRules = (
			);
			dependencies = (
			);
			name = CompositionalLayourHeaders;
			productName = CompositionalLayourHeaders;
			productReference = D972E32F264AFF94006C9B47 /* CompositionalLayourHeaders.app */;
			productType = "com.apple.product-type.application";
		};
/* End PBXNativeTarget section */

/* Begin PBXProject section */
		D972E327264AFF93006C9B47 /* Project object */ = {
			isa = PBXProject;
			attributes = {
				LastSwiftUpdateCheck = 1240;
				LastUpgradeCheck = 1240;
				TargetAttributes = {
					D972E32E264AFF94006C9B47 = {
						CreatedOnToolsVersion = 12.4;
					};
				};
			};
			buildConfigurationList = D972E32A264AFF93006C9B47 /* Build configuration list for PBXProject "CompositionalLayourHeaders" */;
			compatibilityVersion = "Xcode 9.3";
			developmentRegion = en;
			hasScannedForEncodings = 0;
			knownRegions = (
				en,
				Base,
			);
			mainGroup = D972E326264AFF93006C9B47;
			productRefGroup = D972E330264AFF94006C9B47 /* Products */;
			projectDirPath = "";
			projectRoot = "";
			targets = (
				D972E32E264AFF94006C9B47 /* CompositionalLayourHeaders */,
			);
		};
/* End PBXProject section */

/* Begin PBXResourcesBuildPhase section */
		D972E32D264AFF94006C9B47 /* Resources */ = {
			isa = PBXResourcesBuildPhase;
			buildActionMask = 2147483647;
			files = (
				D972E33D264AFF95006C9B47 /* LaunchScreen.storyboard in Resources */,
				D972E33A264AFF95006C9B47 /* Preview Assets.xcassets in Resources */,
				D972E337264AFF95006C9B47 /* Assets.xcassets in Resources */,
			);
			runOnlyForDeploymentPostprocessing = 0;
		};
/* End PBXResourcesBuildPhase section */

/* Begin PBXSourcesBuildPhase section */
		D972E32B264AFF94006C9B47 /* Sources */ = {
			isa = PBXSourcesBuildPhase;
			buildActionMask = 2147483647;
			files = (
				D972E34B264BFA53006C9B47 /* ViewController.swift in Sources */,
				D972E346264AFFB0006C9B47 /* CollectionViewController.swift in Sources */,
				D972E333264AFF94006C9B47 /* AppDelegate.swift in Sources */,
			);
			runOnlyForDeploymentPostprocessing = 0;
		};
/* End PBXSourcesBuildPhase section */

/* Begin PBXVariantGroup section */
		D972E33B264AFF95006C9B47 /* LaunchScreen.storyboard */ = {
			isa = PBXVariantGroup;
			children = (
				D972E33C264AFF95006C9B47 /* Base */,
			);
			name = LaunchScreen.storyboard;
			sourceTree = "<group>";
		};
/* End PBXVariantGroup section */

/* Begin XCBuildConfiguration section */
		D972E33F264AFF95006C9B47 /* Debug */ = {
			isa = XCBuildConfiguration;
			buildSettings = {
				ALWAYS_SEARCH_USER_PATHS = NO;
				CLANG_ANALYZER_NONNULL = YES;
				CLANG_ANALYZER_NUMBER_OBJECT_CONVERSION = YES_AGGRESSIVE;
				CLANG_CXX_LANGUAGE_STANDARD = "gnu++14";
				CLANG_CXX_LIBRARY = "libc++";
				CLANG_ENABLE_MODULES = YES;
				CLANG_ENABLE_OBJC_ARC = YES;
				CLANG_ENABLE_OBJC_WEAK = YES;
				CLANG_WARN_BLOCK_CAPTURE_AUTORELEASING = YES;
				CLANG_WARN_BOOL_CONVERSION = YES;
				CLANG_WARN_COMMA = YES;
				CLANG_WARN_CONSTANT_CONVERSION = YES;
				CLANG_WARN_DEPRECATED_OBJC_IMPLEMENTATIONS = YES;
				CLANG_WARN_DIRECT_OBJC_ISA_USAGE = YES_ERROR;
				CLANG_WARN_DOCUMENTATION_COMMENTS = YES;
				CLANG_WARN_EMPTY_BODY = YES;
				CLANG_WARN_ENUM_CONVERSION = YES;
				CLANG_WARN_INFINITE_RECURSION = YES;
				CLANG_WARN_INT_CONVERSION = YES;
				CLANG_WARN_NON_LITERAL_NULL_CONVERSION = YES;
				CLANG_WARN_OBJC_IMPLICIT_RETAIN_SELF = YES;
				CLANG_WARN_OBJC_LITERAL_CONVERSION = YES;
				CLANG_WARN_OBJC_ROOT_CLASS = YES_ERROR;
				CLANG_WARN_QUOTED_INCLUDE_IN_FRAMEWORK_HEADER = YES;
				CLANG_WARN_RANGE_LOOP_ANALYSIS = YES;
				CLANG_WARN_STRICT_PROTOTYPES = YES;
				CLANG_WARN_SUSPICIOUS_MOVE = YES;
				CLANG_WARN_UNGUARDED_AVAILABILITY = YES_AGGRESSIVE;
				CLANG_WARN_UNREACHABLE_CODE = YES;
				CLANG_WARN__DUPLICATE_METHOD_MATCH = YES;
				COPY_PHASE_STRIP = NO;
				DEBUG_INFORMATION_FORMAT = dwarf;
				ENABLE_STRICT_OBJC_MSGSEND = YES;
				ENABLE_TESTABILITY = YES;
				GCC_C_LANGUAGE_STANDARD = gnu11;
				GCC_DYNAMIC_NO_PIC = NO;
				GCC_NO_COMMON_BLOCKS = YES;
				GCC_OPTIMIZATION_LEVEL = 0;
				GCC_PREPROCESSOR_DEFINITIONS = (
					"DEBUG=1",
					"$(inherited)",
				);
				GCC_WARN_64_TO_32_BIT_CONVERSION = YES;
				GCC_WARN_ABOUT_RETURN_TYPE = YES_ERROR;
				GCC_WARN_UNDECLARED_SELECTOR = YES;
				GCC_WARN_UNINITIALIZED_AUTOS = YES_AGGRESSIVE;
				GCC_WARN_UNUSED_FUNCTION = YES;
				GCC_WARN_UNUSED_VARIABLE = YES;
				MTL_ENABLE_DEBUG_INFO = INCLUDE_SOURCE;
				MTL_FAST_MATH = YES;
				ONLY_ACTIVE_ARCH = YES;
				SDKROOT = appletvos;
				SWIFT_ACTIVE_COMPILATION_CONDITIONS = DEBUG;
				SWIFT_OPTIMIZATION_LEVEL = "-Onone";
				TVOS_DEPLOYMENT_TARGET = 14.3;
			};
			name = Debug;
		};
		D972E340264AFF95006C9B47 /* Release */ = {
			isa = XCBuildConfiguration;
			buildSettings = {
				ALWAYS_SEARCH_USER_PATHS = NO;
				CLANG_ANALYZER_NONNULL = YES;
				CLANG_ANALYZER_NUMBER_OBJECT_CONVERSION = YES_AGGRESSIVE;
				CLANG_CXX_LANGUAGE_STANDARD = "gnu++14";
				CLANG_CXX_LIBRARY = "libc++";
				CLANG_ENABLE_MODULES = YES;
				CLANG_ENABLE_OBJC_ARC = YES;
				CLANG_ENABLE_OBJC_WEAK = YES;
				CLANG_WARN_BLOCK_CAPTURE_AUTORELEASING = YES;
				CLANG_WARN_BOOL_CONVERSION = YES;
				CLANG_WARN_COMMA = YES;
				CLANG_WARN_CONSTANT_CONVERSION = YES;
				CLANG_WARN_DEPRECATED_OBJC_IMPLEMENTATIONS = YES;
				CLANG_WARN_DIRECT_OBJC_ISA_USAGE = YES_ERROR;
				CLANG_WARN_DOCUMENTATION_COMMENTS = YES;
				CLANG_WARN_EMPTY_BODY = YES;
				CLANG_WARN_ENUM_CONVERSION = YES;
				CLANG_WARN_INFINITE_RECURSION = YES;
				CLANG_WARN_INT_CONVERSION = YES;
				CLANG_WARN_NON_LITERAL_NULL_CONVERSION = YES;
				CLANG_WARN_OBJC_IMPLICIT_RETAIN_SELF = YES;
				CLANG_WARN_OBJC_LITERAL_CONVERSION = YES;
				CLANG_WARN_OBJC_ROOT_CLASS = YES_ERROR;
				CLANG_WARN_QUOTED_INCLUDE_IN_FRAMEWORK_HEADER = YES;
				CLANG_WARN_RANGE_LOOP_ANALYSIS = YES;
				CLANG_WARN_STRICT_PROTOTYPES = YES;
				CLANG_WARN_SUSPICIOUS_MOVE = YES;
				CLANG_WARN_UNGUARDED_AVAILABILITY = YES_AGGRESSIVE;
				CLANG_WARN_UNREACHABLE_CODE = YES;
				CLANG_WARN__DUPLICATE_METHOD_MATCH = YES;
				COPY_PHASE_STRIP = NO;
				DEBUG_INFORMATION_FORMAT = "dwarf-with-dsym";
				ENABLE_NS_ASSERTIONS = NO;
				ENABLE_STRICT_OBJC_MSGSEND = YES;
				GCC_C_LANGUAGE_STANDARD = gnu11;
				GCC_NO_COMMON_BLOCKS = YES;
				GCC_WARN_64_TO_32_BIT_CONVERSION = YES;
				GCC_WARN_ABOUT_RETURN_TYPE = YES_ERROR;
				GCC_WARN_UNDECLARED_SELECTOR = YES;
				GCC_WARN_UNINITIALIZED_AUTOS = YES_AGGRESSIVE;
				GCC_WARN_UNUSED_FUNCTION = YES;
				GCC_WARN_UNUSED_VARIABLE = YES;
				MTL_ENABLE_DEBUG_INFO = NO;
				MTL_FAST_MATH = YES;
				SDKROOT = appletvos;
				SWIFT_COMPILATION_MODE = wholemodule;
				SWIFT_OPTIMIZATION_LEVEL = "-O";
				TVOS_DEPLOYMENT_TARGET = 14.3;
				VALIDATE_PRODUCT = YES;
			};
			name = Release;
		};
		D972E342264AFF95006C9B47 /* Debug */ = {
			isa = XCBuildConfiguration;
			buildSettings = {
				ASSETCATALOG_COMPILER_APPICON_NAME = "App Icon & Top Shelf Image";
				ASSETCATALOG_COMPILER_GLOBAL_ACCENT_COLOR_NAME = AccentColor;
				CODE_SIGN_STYLE = Automatic;
				DEVELOPMENT_ASSET_PATHS = "\"CompositionalLayourHeaders/Preview Content\"";
				DEVELOPMENT_TEAM = MQRRG9G4R7;
				ENABLE_PREVIEWS = YES;
				INFOPLIST_FILE = CompositionalLayourHeaders/Info.plist;
				LD_RUNPATH_SEARCH_PATHS = (
					"$(inherited)",
					"@executable_path/Frameworks",
				);
				PRODUCT_BUNDLE_IDENTIFIER = com.diogot.bugs.CompositionalLayourHeaders;
				PRODUCT_NAME = "$(TARGET_NAME)";
				SWIFT_VERSION = 5.0;
				TARGETED_DEVICE_FAMILY = 3;
			};
			name = Debug;
		};
		D972E343264AFF95006C9B47 /* Release */ = {
			isa = XCBuildConfiguration;
			buildSettings = {
				ASSETCATALOG_COMPILER_APPICON_NAME = "App Icon & Top Shelf Image";
				ASSETCATALOG_COMPILER_GLOBAL_ACCENT_COLOR_NAME = AccentColor;
				CODE_SIGN_STYLE = Automatic;
				DEVELOPMENT_ASSET_PATHS = "\"CompositionalLayourHeaders/Preview Content\"";
				DEVELOPMENT_TEAM = MQRRG9G4R7;
				ENABLE_PREVIEWS = YES;
				INFOPLIST_FILE = CompositionalLayourHeaders/Info.plist;
				LD_RUNPATH_SEARCH_PATHS = (
					"$(inherited)",
					"@executable_path/Frameworks",
				);
				PRODUCT_BUNDLE_IDENTIFIER = com.diogot.bugs.CompositionalLayourHeaders;
				PRODUCT_NAME = "$(TARGET_NAME)";
				SWIFT_VERSION = 5.0;
				TARGETED_DEVICE_FAMILY = 3;
			};
			name = Release;
		};
/* End XCBuildConfiguration section */

/* Begin XCConfigurationList section */
		D972E32A264AFF93006C9B47 /* Build configuration list for PBXProject "CompositionalLayourHeaders" */ = {
			isa = XCConfigurationList;
			buildConfigurations = (
				D972E33F264AFF95006C9B47 /* Debug */,
				D972E340264AFF95006C9B47 /* Release */,
			);
			defaultConfigurationIsVisible = 0;
			defaultConfigurationName = Release;
		};
		D972E341264AFF95006C9B47 /* Build configuration list for PBXNativeTarget "CompositionalLayourHeaders" */ = {
			isa = XCConfigurationList;
			buildConfigurations = (
				D972E342264AFF95006C9B47 /* Debug */,
				D972E343264AFF95006C9B47 /* Release */,
			);
			defaultConfigurationIsVisible = 0;
			defaultConfigurationName = Release;
		};
/* End XCConfigurationList section */
	};
	rootObject = D972E327264AFF93006C9B47 /* Project object */;
}
